
Microsoft Visual Studio Solution File, Format Version 12.00
# Visual Studio 15
VisualStudioVersion = 15.0.27130.2027
MinimumVisualStudioVersion = 10.0.40219.1
Project("{FAE04EC0-301F-11D3-BF4B-00C04F79EFBC}") = "ContractsServer", "ContractsServer\ContractsServer.csproj", "{D732B22C-EA3E-412B-A697-E7C770D6A137}"
EndProject
Project("{FAE04EC0-301F-11D3-BF4B-00C04F79EFBC}") = "SimulatorPlane", "TestingConsole\SimulatorPlane.csproj", "{660AD090-C55F-4507-B8DB-CE3511F3D325}"
EndProject
Project("{FAE04EC0-301F-11D3-BF4B-00C04F79EFBC}") = "UI", "UI\UI.csproj", "{09D0FF70-AD94-4CBA-90C1-935FFD2C5422}"
EndProject
Project("{FAE04EC0-301F-11D3-BF4B-00C04F79EFBC}") = "Logic", "Logic\Logic.csproj", "{70128F05-822B-41CD-88D2-B9BAAA90CE23}"
EndProject
Project("{FAE04EC0-301F-11D3-BF4B-00C04F79EFBC}") = "Host", "Host\Host.csproj", "{2BCB5027-5917-4A76-BDF7-C87E6D6F09BF}"
EndProject
Project("{FAE04EC0-301F-11D3-BF4B-00C04F79EFBC}") = "AirPortDB", "AirPortDB\AirPortDB.csproj", "{CE9DD231-3134-4665-A235-4B8496F6611B}"
EndProject
Project("{2150E333-8FDC-42A3-9474-1A3956D46DE8}") = "UnitTest", "UnitTest", "{0552C962-8428-4A2D-BF14-C487E8F93326}"
EndProject
Project("{FAE04EC0-301F-11D3-BF4B-00C04F79EFBC}") = "Station.UnitTest", "Station.UnitTest\Station.UnitTest.csproj", "{CF9EF462-0791-4780-A7A5-441EA41F3799}"
EndProject
Global
	GlobalSection(SolutionConfigurationPlatforms) = preSolution
		Debug|Any CPU = Debug|Any CPU
		Debug|ARM = Debug|ARM
		Debug|x64 = Debug|x64
		Debug|x86 = Debug|x86
		Release|Any CPU = Release|Any CPU
		Release|ARM = Release|ARM
		Release|x64 = Release|x64
		Release|x86 = Release|x86
	EndGlobalSection
	GlobalSection(ProjectConfigurationPlatforms) = postSolution
		{D732B22C-EA3E-412B-A697-E7C770D6A137}.Debug|Any CPU.ActiveCfg = Debug|Any CPU
		{D732B22C-EA3E-412B-A697-E7C770D6A137}.Debug|Any CPU.Build.0 = Debug|Any CPU
		{D732B22C-EA3E-412B-A697-E7C770D6A137}.Debug|ARM.ActiveCfg = Debug|Any CPU
		{D732B22C-EA3E-412B-A697-E7C770D6A137}.Debug|ARM.Build.0 = Debug|Any CPU
		{D732B22C-EA3E-412B-A697-E7C770D6A137}.Debug|x64.ActiveCfg = Debug|Any CPU
		{D732B22C-EA3E-412B-A697-E7C770D6A137}.Debug|x64.Build.0 = Debug|Any CPU
		{D732B22C-EA3E-412B-A697-E7C770D6A137}.Debug|x86.ActiveCfg = Debug|Any CPU
		{D732B22C-EA3E-412B-A697-E7C770D6A137}.Debug|x86.Build.0 = Debug|Any CPU
		{D732B22C-EA3E-412B-A697-E7C770D6A137}.Release|Any CPU.ActiveCfg = Release|Any CPU
		{D732B22C-EA3E-412B-A697-E7C770D6A137}.Release|Any CPU.Build.0 = Release|Any CPU
		{D732B22C-EA3E-412B-A697-E7C770D6A137}.Release|ARM.ActiveCfg = Release|Any CPU
		{D732B22C-EA3E-412B-A697-E7C770D6A137}.Release|ARM.Build.0 = Release|Any CPU
		{D732B22C-EA3E-412B-A697-E7C770D6A137}.Release|x64.ActiveCfg = Release|Any CPU
		{D732B22C-EA3E-412B-A697-E7C770D6A137}.Release|x64.Build.0 = Release|Any CPU
		{D732B22C-EA3E-412B-A697-E7C770D6A137}.Release|x86.ActiveCfg = Release|Any CPU
		{D732B22C-EA3E-412B-A697-E7C770D6A137}.Release|x86.Build.0 = Release|Any CPU
		{660AD090-C55F-4507-B8DB-CE3511F3D325}.Debug|Any CPU.ActiveCfg = Debug|Any CPU
		{660AD090-C55F-4507-B8DB-CE3511F3D325}.Debug|Any CPU.Build.0 = Debug|Any CPU
		{660AD090-C55F-4507-B8DB-CE3511F3D325}.Debug|ARM.ActiveCfg = Debug|Any CPU
		{660AD090-C55F-4507-B8DB-CE3511F3D325}.Debug|ARM.Build.0 = Debug|Any CPU
		{660AD090-C55F-4507-B8DB-CE3511F3D325}.Debug|x64.ActiveCfg = Debug|Any CPU
		{660AD090-C55F-4507-B8DB-CE3511F3D325}.Debug|x64.Build.0 = Debug|Any CPU
		{660AD090-C55F-4507-B8DB-CE3511F3D325}.Debug|x86.ActiveCfg = Debug|Any CPU
		{660AD090-C55F-4507-B8DB-CE3511F3D325}.Debug|x86.Build.0 = Debug|Any CPU
		{660AD090-C55F-4507-B8DB-CE3511F3D325}.Release|Any CPU.ActiveCfg = Release|Any CPU
		{660AD090-C55F-4507-B8DB-CE3511F3D325}.Release|Any CPU.Build.0 = Release|Any CPU
		{660AD090-C55F-4507-B8DB-CE3511F3D325}.Release|ARM.ActiveCfg = Release|Any CPU
		{660AD090-C55F-4507-B8DB-CE3511F3D325}.Release|ARM.Build.0 = Release|Any CPU
		{660AD090-C55F-4507-B8DB-CE3511F3D325}.Release|x64.ActiveCfg = Release|Any CPU
		{660AD090-C55F-4507-B8DB-CE3511F3D325}.Release|x64.Build.0 = Release|Any CPU
		{660AD090-C55F-4507-B8DB-CE3511F3D325}.Release|x86.ActiveCfg = Release|Any CPU
		{660AD090-C55F-4507-B8DB-CE3511F3D325}.Release|x86.Build.0 = Release|Any CPU
		{09D0FF70-AD94-4CBA-90C1-935FFD2C5422}.Debug|Any CPU.ActiveCfg = Debug|Any CPU
		{09D0FF70-AD94-4CBA-90C1-935FFD2C5422}.Debug|Any CPU.Build.0 = Debug|Any CPU
		{09D0FF70-AD94-4CBA-90C1-935FFD2C5422}.Debug|ARM.ActiveCfg = Debug|Any CPU
		{09D0FF70-AD94-4CBA-90C1-935FFD2C5422}.Debug|ARM.Build.0 = Debug|Any CPU
		{09D0FF70-AD94-4CBA-90C1-935FFD2C5422}.Debug|x64.ActiveCfg = Debug|Any CPU
		{09D0FF70-AD94-4CBA-90C1-935FFD2C5422}.Debug|x64.Build.0 = Debug|Any CPU
		{09D0FF70-AD94-4CBA-90C1-935FFD2C5422}.Debug|x86.ActiveCfg = Debug|Any CPU
		{09D0FF70-AD94-4CBA-90C1-935FFD2C5422}.Debug|x86.Build.0 = Debug|Any CPU
		{09D0FF70-AD94-4CBA-90C1-935FFD2C5422}.Release|Any CPU.ActiveCfg = Release|Any CPU
		{09D0FF70-AD94-4CBA-90C1-935FFD2C5422}.Release|Any CPU.Build.0 = Release|Any CPU
		{09D0FF70-AD94-4CBA-90C1-935FFD2C5422}.Release|ARM.ActiveCfg = Release|Any CPU
		{09D0FF70-AD94-4CBA-90C1-935FFD2C5422}.Release|ARM.Build.0 = Release|Any CPU
		{09D0FF70-AD94-4CBA-90C1-935FFD2C5422}.Release|x64.ActiveCfg = Release|Any CPU
		{09D0FF70-AD94-4CBA-90C1-935FFD2C5422}.Release|x64.Build.0 = Release|Any CPU
		{09D0FF70-AD94-4CBA-90C1-935FFD2C5422}.Release|x86.ActiveCfg = Release|Any CPU
		{09D0FF70-AD94-4CBA-90C1-935FFD2C5422}.Release|x86.Build.0 = Release|Any CPU
		{70128F05-822B-41CD-88D2-B9BAAA90CE23}.Debug|Any CPU.ActiveCfg = Debug|Any CPU
		{70128F05-822B-41CD-88D2-B9BAAA90CE23}.Debug|Any CPU.Build.0 = Debug|Any CPU
		{70128F05-822B-41CD-88D2-B9BAAA90CE23}.Debug|ARM.ActiveCfg = Debug|Any CPU
		{70128F05-822B-41CD-88D2-B9BAAA90CE23}.Debug|ARM.Build.0 = Debug|Any CPU
		{70128F05-822B-41CD-88D2-B9BAAA90CE23}.Debug|x64.ActiveCfg = Debug|Any CPU
		{70128F05-822B-41CD-88D2-B9BAAA90CE23}.Debug|x64.Build.0 = Debug|Any CPU
		{70128F05-822B-41CD-88D2-B9BAAA90CE23}.Debug|x86.ActiveCfg = Debug|Any CPU
		{70128F05-822B-41CD-88D2-B9BAAA90CE23}.Debug|x86.Build.0 = Debug|Any CPU
		{70128F05-822B-41CD-88D2-B9BAAA90CE23}.Release|Any CPU.ActiveCfg = Release|Any CPU
		{70128F05-822B-41CD-88D2-B9BAAA90CE23}.Release|Any CPU.Build.0 = Release|Any CPU
		{70128F05-822B-41CD-88D2-B9BAAA90CE23}.Release|ARM.ActiveCfg = Release|Any CPU
		{70128F05-822B-41CD-88D2-B9BAAA90CE23}.Release|ARM.Build.0 = Release|Any CPU
		{70128F05-822B-41CD-88D2-B9BAAA90CE23}.Release|x64.ActiveCfg = Release|Any CPU
		{70128F05-822B-41CD-88D2-B9BAAA90CE23}.Release|x64.Build.0 = Release|Any CPU
		{70128F05-822B-41CD-88D2-B9BAAA90CE23}.Release|x86.ActiveCfg = Release|Any CPU
		{70128F05-822B-41CD-88D2-B9BAAA90CE23}.Release|x86.Build.0 = Release|Any CPU
		{2BCB5027-5917-4A76-BDF7-C87E6D6F09BF}.Debug|Any CPU.ActiveCfg = Debug|Any CPU
		{2BCB5027-5917-4A76-BDF7-C87E6D6F09BF}.Debug|Any CPU.Build.0 = Debug|Any CPU
		{2BCB5027-5917-4A76-BDF7-C87E6D6F09BF}.Debug|ARM.ActiveCfg = Debug|Any CPU
		{2BCB5027-5917-4A76-BDF7-C87E6D6F09BF}.Debug|ARM.Build.0 = Debug|Any CPU
		{2BCB5027-5917-4A76-BDF7-C87E6D6F09BF}.Debug|x64.ActiveCfg = Debug|Any CPU
		{2BCB5027-5917-4A76-BDF7-C87E6D6F09BF}.Debug|x64.Build.0 = Debug|Any CPU
		{2BCB5027-5917-4A76-BDF7-C87E6D6F09BF}.Debug|x86.ActiveCfg = Debug|Any CPU
		{2BCB5027-5917-4A76-BDF7-C87E6D6F09BF}.Debug|x86.Build.0 = Debug|Any CPU
		{2BCB5027-5917-4A76-BDF7-C87E6D6F09BF}.Release|Any CPU.ActiveCfg = Release|Any CPU
		{2BCB5027-5917-4A76-BDF7-C87E6D6F09BF}.Release|Any CPU.Build.0 = Release|Any CPU
		{2BCB5027-5917-4A76-BDF7-C87E6D6F09BF}.Release|ARM.ActiveCfg = Release|Any CPU
		{2BCB5027-5917-4A76-BDF7-C87E6D6F09BF}.Release|ARM.Build.0 = Release|Any CPU
		{2BCB5027-5917-4A76-BDF7-C87E6D6F09BF}.Release|x64.ActiveCfg = Release|Any CPU
		{2BCB5027-5917-4A76-BDF7-C87E6D6F09BF}.Release|x64.Build.0 = Release|Any CPU
		{2BCB5027-5917-4A76-BDF7-C87E6D6F09BF}.Release|x86.ActiveCfg = Release|Any CPU
		{2BCB5027-5917-4A76-BDF7-C87E6D6F09BF}.Release|x86.Build.0 = Release|Any CPU
		{CE9DD231-3134-4665-A235-4B8496F6611B}.Debug|Any CPU.ActiveCfg = Debug|Any CPU
		{CE9DD231-3134-4665-A235-4B8496F6611B}.Debug|Any CPU.Build.0 = Debug|Any CPU
		{CE9DD231-3134-4665-A235-4B8496F6611B}.Debug|ARM.ActiveCfg = Debug|Any CPU
		{CE9DD231-3134-4665-A235-4B8496F6611B}.Debug|ARM.Build.0 = Debug|Any CPU
		{CE9DD231-3134-4665-A235-4B8496F6611B}.Debug|x64.ActiveCfg = Debug|Any CPU
		{CE9DD231-3134-4665-A235-4B8496F6611B}.Debug|x64.Build.0 = Debug|Any CPU
		{CE9DD231-3134-4665-A235-4B8496F6611B}.Debug|x86.ActiveCfg = Debug|Any CPU
		{CE9DD231-3134-4665-A235-4B8496F6611B}.Debug|x86.Build.0 = Debug|Any CPU
		{CE9DD231-3134-4665-A235-4B8496F6611B}.Release|Any CPU.ActiveCfg = Release|Any CPU
		{CE9DD231-3134-4665-A235-4B8496F6611B}.Release|Any CPU.Build.0 = Release|Any CPU
		{CE9DD231-3134-4665-A235-4B8496F6611B}.Release|ARM.ActiveCfg = Release|Any CPU
		{CE9DD231-3134-4665-A235-4B8496F6611B}.Release|ARM.Build.0 = Release|Any CPU
		{CE9DD231-3134-4665-A235-4B8496F6611B}.Release|x64.ActiveCfg = Release|Any CPU
		{CE9DD231-3134-4665-A235-4B8496F6611B}.Release|x64.Build.0 = Release|Any CPU
		{CE9DD231-3134-4665-A235-4B8496F6611B}.Release|x86.ActiveCfg = Release|Any CPU
		{CE9DD231-3134-4665-A235-4B8496F6611B}.Release|x86.Build.0 = Release|Any CPU
		{CF9EF462-0791-4780-A7A5-441EA41F3799}.Debug|Any CPU.ActiveCfg = Debug|Any CPU
		{CF9EF462-0791-4780-A7A5-441EA41F3799}.Debug|Any CPU.Build.0 = Debug|Any CPU
		{CF9EF462-0791-4780-A7A5-441EA41F3799}.Debug|ARM.ActiveCfg = Debug|Any CPU
		{CF9EF462-0791-4780-A7A5-441EA41F3799}.Debug|ARM.Build.0 = Debug|Any CPU
		{CF9EF462-0791-4780-A7A5-441EA41F3799}.Debug|x64.ActiveCfg = Debug|Any CPU
		{CF9EF462-0791-4780-A7A5-441EA41F3799}.Debug|x64.Build.0 = Debug|Any CPU
		{CF9EF462-0791-4780-A7A5-441EA41F3799}.Debug|x86.ActiveCfg = Debug|Any CPU
		{CF9EF462-0791-4780-A7A5-441EA41F3799}.Debug|x86.Build.0 = Debug|Any CPU
		{CF9EF462-0791-4780-A7A5-441EA41F3799}.Release|Any CPU.ActiveCfg = Release|Any CPU
		{CF9EF462-0791-4780-A7A5-441EA41F3799}.Release|Any CPU.Build.0 = Release|Any CPU
		{CF9EF462-0791-4780-A7A5-441EA41F3799}.Release|ARM.ActiveCfg = Release|Any CPU
		{CF9EF462-0791-4780-A7A5-441EA41F3799}.Release|ARM.Build.0 = Release|Any CPU
		{CF9EF462-0791-4780-A7A5-441EA41F3799}.Release|x64.ActiveCfg = Release|Any CPU
		{CF9EF462-0791-4780-A7A5-441EA41F3799}.Release|x64.Build.0 = Release|Any CPU
		{CF9EF462-0791-4780-A7A5-441EA41F3799}.Release|x86.ActiveCfg = Release|Any CPU
		{CF9EF462-0791-4780-A7A5-441EA41F3799}.Release|x86.Build.0 = Release|Any CPU
	EndGlobalSection
	GlobalSection(SolutionProperties) = preSolution
		HideSolutionNode = FALSE
	EndGlobalSection
	GlobalSection(NestedProjects) = preSolution
		{CF9EF462-0791-4780-A7A5-441EA41F3799} = {0552C962-8428-4A2D-BF14-C487E8F93326}
	EndGlobalSection
	GlobalSection(ExtensibilityGlobals) = postSolution
		SolutionGuid = {DF287086-91AB-4FE0-B1FA-6D45FDA241DF}
	EndGlobalSection
EndGlobal
